{
  "name": "pg-kit-master",
  "version": "1.0.0",
  "lockfileVersion": 3,
  "requires": true,
  "packages": {
    "": {
      "version": "1.0.0",
      "hasInstallScript": true,
      "license": "ISC",
      "devDependencies": {
        "turbo": "^1.7.3"
      }
    },
    "node_modules/.pnpm/registry.npmmirror.com+prettier@2.8.4/node_modules/prettier": {
      "version": "2.8.4",
      "extraneous": true,
      "license": "MIT",
      "bin": {
        "prettier": "bin-prettier.js"
      },
      "engines": {
        "node": ">=10.13.0"
      },
      "funding": {
        "url": "https://github.com/prettier/prettier?sponsor=1"
      }
    },
    "node_modules/.pnpm/registry.npmmirror.com+turbo@1.7.4/node_modules/turbo": {
      "version": "1.7.4",
      "dev": true,
      "hasInstallScript": true,
      "license": "MPL-2.0",
      "bin": {
        "turbo": "bin/turbo"
      },
      "optionalDependencies": {
        "turbo-darwin-64": "1.7.4",
        "turbo-darwin-arm64": "1.7.4",
        "turbo-linux-64": "1.7.4",
        "turbo-linux-arm64": "1.7.4",
        "turbo-windows-64": "1.7.4",
        "turbo-windows-arm64": "1.7.4"
      }
    },
    "node_modules/turbo": {
      "resolved": "node_modules/.pnpm/registry.npmmirror.com+turbo@1.7.4/node_modules/turbo",
      "link": true
    },
    "node_modules/turbo-darwin-64": {
      "version": "1.7.4",
      "resolved": "https://registry.npmjs.org/turbo-darwin-64/-/turbo-darwin-64-1.7.4.tgz",
      "integrity": "sha512-ZyYrQlUl8K/mYN1e6R7bEhPPYjMakz0DYMaexkyD7TAijQtWmTSd4a+I7VknOYNEssnUZ/v41GU3gPV1JAzxxQ==",
      "cpu": [
        "x64"
      ],
      "dev": true,
      "optional": true,
      "os": [
        "darwin"
      ]
    },
    "node_modules/turbo-darwin-arm64": {
      "version": "1.7.4",
      "resolved": "https://registry.npmjs.org/turbo-darwin-arm64/-/turbo-darwin-arm64-1.7.4.tgz",
      "integrity": "sha512-CKIXg9uqp1a+Yeq/c4U0alPOqvwLUq5SBZf1PGYhGqJsfG0fRBtJfkUjHuBsuJIOGXg8rCmcGSWGIsIF6fqYuw==",
      "cpu": [
        "arm64"
      ],
      "dev": true,
      "optional": true,
      "os": [
        "darwin"
      ]
    },
    "node_modules/turbo-linux-64": {
      "version": "1.7.4",
      "resolved": "https://registry.npmjs.org/turbo-linux-64/-/turbo-linux-64-1.7.4.tgz",
      "integrity": "sha512-RIUl4RUFFyzD2T024vL7509Ygwcw+SEa8NOwPfaN6TtJHK7RZV/SBP3fLNVOptG9WRLnOWX3OvsLMbiOqDLLyA==",
      "cpu": [
        "x64"
      ],
      "dev": true,
      "optional": true,
      "os": [
        "linux"
      ]
    },
    "node_modules/turbo-linux-arm64": {
      "version": "1.7.4",
      "resolved": "https://registry.npmjs.org/turbo-linux-arm64/-/turbo-linux-arm64-1.7.4.tgz",
      "integrity": "sha512-Bg65F0AjYYYxqE6RPf2H5TIGuA/EyWMeGOATHVSZOWAbYcnG3Ly03GZii8AHnUi7ntWBdjwvXf/QbOS1ayNB6A==",
      "cpu": [
        "arm64"
      ],
      "dev": true,
      "optional": true,
      "os": [
        "linux"
      ]
    },
    "node_modules/turbo-windows-64": {
      "version": "1.7.4",
      "resolved": "https://registry.npmjs.org/turbo-windows-64/-/turbo-windows-64-1.7.4.tgz",
      "integrity": "sha512-rTaV50XZ2BRxRHOHqt1UsWfeDmYLbn8UKE6g2D2ED+uW+kmnTvR9s01nmlGWd2sAuWcRYQyQ2V+O09VfKPKcQw==",
      "cpu": [
        "x64"
      ],
      "dev": true,
      "optional": true,
      "os": [
        "win32"
      ]
    },
    "node_modules/turbo-windows-arm64": {
      "version": "1.7.4",
      "resolved": "https://registry.npmjs.org/turbo-windows-arm64/-/turbo-windows-arm64-1.7.4.tgz",
      "integrity": "sha512-h8sxdKPvHTnWUPtwnYszFMmSO0P/iUUwmYY9n7iYThA71zSao28UeZ0H0Gw75cY3MPjvkjn2C4EBAUGPjuZJLw==",
      "cpu": [
        "arm64"
      ],
      "dev": true,
      "optional": true,
      "os": [
        "win32"
      ]
    }
  }
}
